
Microsoft Visual Studio Solution File, Format Version 12.00
# Visual Studio Version 16
VisualStudioVersion = 16.0.31005.135
MinimumVisualStudioVersion = 10.0.40219.1
Project("{FAE04EC0-301F-11D3-BF4B-00C04F79EFBC}") = "DomZad_02-17_2", "DomZad_02-17_2\DomZad_02-17_2.csproj", "{094121E1-DEDC-49ED-981F-9E034163EB0E}"
EndProject
Global
	GlobalSection(SolutionConfigurationPlatforms) = preSolution
		Debug|Any CPU = Debug|Any CPU
		Release|Any CPU = Release|Any CPU
	EndGlobalSection
	GlobalSection(ProjectConfigurationPlatforms) = postSolution
		{094121E1-DEDC-49ED-981F-9E034163EB0E}.Debug|Any CPU.ActiveCfg = Debug|Any CPU
		{094121E1-DEDC-49ED-981F-9E034163EB0E}.Debug|Any CPU.Build.0 = Debug|Any CPU
		{094121E1-DEDC-49ED-981F-9E034163EB0E}.Release|Any CPU.ActiveCfg = Release|Any CPU
		{094121E1-DEDC-49ED-981F-9E034163EB0E}.Release|Any CPU.Build.0 = Release|Any CPU
	EndGlobalSection
	GlobalSection(SolutionProperties) = preSolution
		HideSolutionNode = FALSE
	EndGlobalSection
	GlobalSection(ExtensibilityGlobals) = postSolution
		SolutionGuid = {A4CF2A37-78D3-418A-86B5-E02279A89803}
	EndGlobalSection
EndGlobal
